// !$*UTF8*$!
{
	archiveVersion = 1;
	classes = {
	};
	objectVersion = 55;
	objects = {

/* Begin PBXBuildFile section */
		1497A08DB4C427434DEF5A0F /* Pods_Unknown.framework in Frameworks */ = {isa = PBXBuildFile; fileRef = 89A1948ABAB10826E3348F86 /* Pods_Unknown.framework */; };
		F13039D0273AB4B200627E20 /* AppDelegate.swift in Sources */ = {isa = PBXBuildFile; fileRef = F13039CF273AB4B200627E20 /* AppDelegate.swift */; };
		F13039D2273AB4B200627E20 /* SceneDelegate.swift in Sources */ = {isa = PBXBuildFile; fileRef = F13039D1273AB4B200627E20 /* SceneDelegate.swift */; };
		F13039D4273AB4B200627E20 /* ViewController.swift in Sources */ = {isa = PBXBuildFile; fileRef = F13039D3273AB4B200627E20 /* ViewController.swift */; };
		F13039D7273AB4B200627E20 /* Main.storyboard in Resources */ = {isa = PBXBuildFile; fileRef = F13039D5273AB4B200627E20 /* Main.storyboard */; };
		F13039D9273AB4B400627E20 /* Assets.xcassets in Resources */ = {isa = PBXBuildFile; fileRef = F13039D8273AB4B400627E20 /* Assets.xcassets */; };
		F13039DC273AB4B400627E20 /* LaunchScreen.storyboard in Resources */ = {isa = PBXBuildFile; fileRef = F13039DA273AB4B400627E20 /* LaunchScreen.storyboard */; };
		F1963A20274A5FBB00FA9428 /* LoginViewController.swift in Sources */ = {isa = PBXBuildFile; fileRef = F1963A1F274A5FBB00FA9428 /* LoginViewController.swift */; };
/* End PBXBuildFile section */

/* Begin PBXFileReference section */
		0C66EF0A203397D6F6836173 /* Pods-Unknown.release.xcconfig */ = {isa = PBXFileReference; includeInIndex = 1; lastKnownFileType = text.xcconfig; name = "Pods-Unknown.release.xcconfig"; path = "Target Support Files/Pods-Unknown/Pods-Unknown.release.xcconfig"; sourceTree = "<group>"; };
		89A1948ABAB10826E3348F86 /* Pods_Unknown.framework */ = {isa = PBXFileReference; explicitFileType = wrapper.framework; includeInIndex = 0; path = Pods_Unknown.framework; sourceTree = BUILT_PRODUCTS_DIR; };
		ECDC46F6151980D84868BDDB /* Pods-Unknown.debug.xcconfig */ = {isa = PBXFileReference; includeInIndex = 1; lastKnownFileType = text.xcconfig; name = "Pods-Unknown.debug.xcconfig"; path = "Target Support Files/Pods-Unknown/Pods-Unknown.debug.xcconfig"; sourceTree = "<group>"; };
		F13039CC273AB4B200627E20 /* Unknown.app */ = {isa = PBXFileReference; explicitFileType = wrapper.application; includeInIndex = 0; path = Unknown.app; sourceTree = BUILT_PRODUCTS_DIR; };
		F13039CF273AB4B200627E20 /* AppDelegate.swift */ = {isa = PBXFileReference; lastKnownFileType = sourcecode.swift; path = AppDelegate.swift; sourceTree = "<group>"; };
		F13039D1273AB4B200627E20 /* SceneDelegate.swift */ = {isa = PBXFileReference; lastKnownFileType = sourcecode.swift; path = SceneDelegate.swift; sourceTree = "<group>"; };
		F13039D3273AB4B200627E20 /* ViewController.swift */ = {isa = PBXFileReference; lastKnownFileType = sourcecode.swift; path = ViewController.swift; sourceTree = "<group>"; };
		F13039D6273AB4B200627E20 /* Base */ = {isa = PBXFileReference; lastKnownFileType = file.storyboard; name = Base; path = Base.lproj/Main.storyboard; sourceTree = "<group>"; };
		F13039D8273AB4B400627E20 /* Assets.xcassets */ = {isa = PBXFileReference; lastKnownFileType = folder.assetcatalog; path = Assets.xcassets; sourceTree = "<group>"; };
		F13039DB273AB4B400627E20 /* Base */ = {isa = PBXFileReference; lastKnownFileType = file.storyboard; name = Base; path = Base.lproj/LaunchScreen.storyboard; sourceTree = "<group>"; };
		F13039DD273AB4B400627E20 /* Info.plist */ = {isa = PBXFileReference; lastKnownFileType = text.plist.xml; path = Info.plist; sourceTree = "<group>"; };
		F1963A1F274A5FBB00FA9428 /* LoginViewController.swift */ = {isa = PBXFileReference; lastKnownFileType = sourcecode.swift; path = LoginViewController.swift; sourceTree = "<group>"; };
/* End PBXFileReference section */

/* Begin PBXFrameworksBuildPhase section */
		F13039C9273AB4B200627E20 /* Frameworks */ = {
			isa = PBXFrameworksBuildPhase;
			buildActionMask = 2147483647;
			files = (
				1497A08DB4C427434DEF5A0F /* Pods_Unknown.framework in Frameworks */,
			);
			runOnlyForDeploymentPostprocessing = 0;
		};
/* End PBXFrameworksBuildPhase section */

/* Begin PBXGroup section */
		88D0A54CC6A9F074759156DF /* Pods */ = {
			isa = PBXGroup;
			children = (
				ECDC46F6151980D84868BDDB /* Pods-Unknown.debug.xcconfig */,
				0C66EF0A203397D6F6836173 /* Pods-Unknown.release.xcconfig */,
			);
			path = Pods;
			sourceTree = "<group>";
		};
		D7252B57A8095D604FE67523 /* Frameworks */ = {
			isa = PBXGroup;
			children = (
				89A1948ABAB10826E3348F86 /* Pods_Unknown.framework */,
			);
			name = Frameworks;
			sourceTree = "<group>";
		};
		F13039C3273AB4B200627E20 = {
			isa = PBXGroup;
			children = (
				F13039CE273AB4B200627E20 /* Unknown */,
				F13039CD273AB4B200627E20 /* Products */,
				88D0A54CC6A9F074759156DF /* Pods */,
				D7252B57A8095D604FE67523 /* Frameworks */,
			);
			sourceTree = "<group>";
		};
		F13039CD273AB4B200627E20 /* Products */ = {
			isa = PBXGroup;
			children = (
				F13039CC273AB4B200627E20 /* Unknown.app */,
			);
			name = Products;
			sourceTree = "<group>";
		};
		F13039CE273AB4B200627E20 /* Unknown */ = {
			isa = PBXGroup;
			children = (
				F13039CF273AB4B200627E20 /* AppDelegate.swift */,
				F13039D1273AB4B200627E20 /* SceneDelegate.swift */,
				F13039D3273AB4B200627E20 /* ViewController.swift */,
				F1963A1F274A5FBB00FA9428 /* LoginViewController.swift */,
				F13039D5273AB4B200627E20 /* Main.storyboard */,
				F13039D8273AB4B400627E20 /* Assets.xcassets */,
				F13039DA273AB4B400627E20 /* LaunchScreen.storyboard */,
				F13039DD273AB4B400627E20 /* Info.plist */,
			);
			path = Unknown;
			sourceTree = "<group>";
		};
/* End PBXGroup section */

/* Begin PBXNativeTarget section */
		F13039CB273AB4B200627E20 /* Unknown */ = {
			isa = PBXNativeTarget;
			buildConfigurationList = F13039E0273AB4B400627E20 /* Build configuration list for PBXNativeTarget "Unknown" */;
			buildPhases = (
				BE992ECAF779D44563DEFED6 /* [CP] Check Pods Manifest.lock */,
				F13039C8273AB4B200627E20 /* Sources */,
				F13039C9273AB4B200627E20 /* Frameworks */,
				F13039CA273AB4B200627E20 /* Resources */,
				0F56988C7420B90158D94B8C /* [CP] Embed Pods Frameworks */,
			);
			buildRules = (
			);
			dependencies = (
			);
			name = Unknown;
			productName = Unknown;
			productReference = F13039CC273AB4B200627E20 /* Unknown.app */;
			productType = "com.apple.product-type.application";
		};
/* End PBXNativeTarget section */

/* Begin PBXProject section */
		F13039C4273AB4B200627E20 /* Project object */ = {
			isa = PBXProject;
			attributes = {
				BuildIndependentTargetsInParallel = 1;
				LastSwiftUpdateCheck = 1300;
				LastUpgradeCheck = 1300;
				TargetAttributes = {
					F13039CB273AB4B200627E20 = {
						CreatedOnToolsVersion = 13.0;
					};
				};
			};
			buildConfigurationList = F13039C7273AB4B200627E20 /* Build configuration list for PBXProject "Unknown" */;
			compatibilityVersion = "Xcode 13.0";
			developmentRegion = en;
			hasScannedForEncodings = 0;
			knownRegions = (
				en,
				Base,
			);
			mainGroup = F13039C3273AB4B200627E20;
			productRefGroup = F13039CD273AB4B200627E20 /* Products */;
			projectDirPath = "";
			projectRoot = "";
			targets = (
				F13039CB273AB4B200627E20 /* Unknown */,
			);
		};
/* End PBXProject section */

/* Begin PBXResourcesBuildPhase section */
		F13039CA273AB4B200627E20 /* Resources */ = {
			isa = PBXResourcesBuildPhase;
			buildActionMask = 2147483647;
			files = (
				F13039DC273AB4B400627E20 /* LaunchScreen.storyboard in Resources */,
				F13039D9273AB4B400627E20 /* Assets.xcassets in Resources */,
				F13039D7273AB4B200627E20 /* Main.storyboard in Resources */,
			);
			runOnlyForDeploymentPostprocessing = 0;
		};
/* End PBXResourcesBuildPhase section */

/* Begin PBXShellScriptBuildPhase section */
		0F56988C7420B90158D94B8C /* [CP] Embed Pods Frameworks */ = {
			isa = PBXShellScriptBuildPhase;
			buildActionMask = 2147483647;
			files = (
			);
			inputFileListPaths = (
				"${PODS_ROOT}/Target Support Files/Pods-Unknown/Pods-Unknown-frameworks-${CONFIGURATION}-input-files.xcfilelist",
			);
			name = "[CP] Embed Pods Frameworks";
			outputFileListPaths = (
				"${PODS_ROOT}/Target Support Files/Pods-Unknown/Pods-Unknown-frameworks-${CONFIGURATION}-output-files.xcfilelist",
			);
			runOnlyForDeploymentPostprocessing = 0;
			shellPath = /bin/sh;
			shellScript = "\"${PODS_ROOT}/Target Support Files/Pods-Unknown/Pods-Unknown-frameworks.sh\"\n";
			showEnvVarsInLog = 0;
		};
		BE992ECAF779D44563DEFED6 /* [CP] Check Pods Manifest.lock */ = {
			isa = PBXShellScriptBuildPhase;
			buildActionMask = 2147483647;
			files = (
			);
			inputFileListPaths = (
			);
			inputPaths = (
				"${PODS_PODFILE_DIR_PATH}/Podfile.lock",
				"${PODS_ROOT}/Manifest.lock",
			);
			name = "[CP] Check Pods Manifest.lock";
			outputFileListPaths = (
			);
			outputPaths = (
				"$(DERIVED_FILE_DIR)/Pods-Unknown-checkManifestLockResult.txt",
			);
			runOnlyForDeploymentPostprocessing = 0;
			shellPath = /bin/sh;
			shellScript = "diff \"${PODS_PODFILE_DIR_PATH}/Podfile.lock\" \"${PODS_ROOT}/Manifest.lock\" > /dev/null\nif [ $? != 0 ] ; then\n    # print error to STDERR\n    echo \"error: The sandbox is not in sync with the Podfile.lock. Run 'pod install' or update your CocoaPods installation.\" >&2\n    exit 1\nfi\n# This output is used by Xcode 'outputs' to avoid re-running this script phase.\necho \"SUCCESS\" > \"${SCRIPT_OUTPUT_FILE_0}\"\n";
			showEnvVarsInLog = 0;
		};
/* End PBXShellScriptBuildPhase section */

/* Begin PBXSourcesBuildPhase section */
		F13039C8273AB4B200627E20 /* Sources */ = {
			isa = PBXSourcesBuildPhase;
			buildActionMask = 2147483647;
			files = (
				F1963A20274A5FBB00FA9428 /* LoginViewController.swift in Sources */,
				F13039D4273AB4B200627E20 /* ViewController.swift in Sources */,
				F13039D0273AB4B200627E20 /* AppDelegate.swift in Sources */,
				F13039D2273AB4B200627E20 /* SceneDelegate.swift in Sources */,
			);
			runOnlyForDeploymentPostprocessing = 0;
		};
/* End PBXSourcesBuildPhase section */

/* Begin PBXVariantGroup section */
		F13039D5273AB4B200627E20 /* Main.storyboard */ = {
			isa = PBXVariantGroup;
			children = (
				F13039D6273AB4B200627E20 /* Base */,
			);
			name = Main.storyboard;
			sourceTree = "<group>";
		};
		F13039DA273AB4B400627E20 /* LaunchScreen.storyboard */ = {
			isa = PBXVariantGroup;
			children = (
				F13039DB273AB4B400627E20 /* Base */,
			);
			name = LaunchScreen.storyboard;
			sourceTree = "<group>";
		};
/* End PBXVariantGroup section */

/* Begin XCBuildConfiguration section */
		F13039DE273AB4B400627E20 /* Debug */ = {
			isa = XCBuildConfiguration;
			buildSettings = {
				ALWAYS_SEARCH_USER_PATHS = NO;
				CLANG_ANALYZER_NONNULL = YES;
				CLANG_ANALYZER_NUMBER_OBJECT_CONVERSION = YES_AGGRESSIVE;
				CLANG_CXX_LANGUAGE_STANDARD = "gnu++17";
				CLANG_CXX_LIBRARY = "libc++";
				CLANG_ENABLE_MODULES = YES;
				CLANG_ENABLE_OBJC_ARC = YES;
				CLANG_ENABLE_OBJC_WEAK = YES;
				CLANG_WARN_BLOCK_CAPTURE_AUTORELEASING = YES;
				CLANG_WARN_BOOL_CONVERSION = YES;
				CLANG_WARN_COMMA = YES;
				CLANG_WARN_CONSTANT_CONVERSION = YES;
				CLANG_WARN_DEPRECATED_OBJC_IMPLEMENTATIONS = YES;
				CLANG_WARN_DIRECT_OBJC_ISA_USAGE = YES_ERROR;
				CLANG_WARN_DOCUMENTATION_COMMENTS = YES;
				CLANG_WARN_EMPTY_BODY = YES;
				CLANG_WARN_ENUM_CONVERSION = YES;
				CLANG_WARN_INFINITE_RECURSION = YES;
				CLANG_WARN_INT_CONVERSION = YES;
				CLANG_WARN_NON_LITERAL_NULL_CONVERSION = YES;
				CLANG_WARN_OBJC_IMPLICIT_RETAIN_SELF = YES;
				CLANG_WARN_OBJC_LITERAL_CONVERSION = YES;
				CLANG_WARN_OBJC_ROOT_CLASS = YES_ERROR;
				CLANG_WARN_QUOTED_INCLUDE_IN_FRAMEWORK_HEADER = YES;
				CLANG_WARN_RANGE_LOOP_ANALYSIS = YES;
				CLANG_WARN_STRICT_PROTOTYPES = YES;
				CLANG_WARN_SUSPICIOUS_MOVE = YES;
				CLANG_WARN_UNGUARDED_AVAILABILITY = YES_AGGRESSIVE;
				CLANG_WARN_UNREACHABLE_CODE = YES;
				CLANG_WARN__DUPLICATE_METHOD_MATCH = YES;
				COPY_PHASE_STRIP = NO;
				DEBUG_INFORMATION_FORMAT = dwarf;
				ENABLE_STRICT_OBJC_MSGSEND = YES;
				ENABLE_TESTABILITY = YES;
				GCC_C_LANGUAGE_STANDARD = gnu11;
				GCC_DYNAMIC_NO_PIC = NO;
				GCC_NO_COMMON_BLOCKS = YES;
				GCC_OPTIMIZATION_LEVEL = 0;
				GCC_PREPROCESSOR_DEFINITIONS = (
					"DEBUG=1",
					"$(inherited)",
				);
				GCC_WARN_64_TO_32_BIT_CONVERSION = YES;
				GCC_WARN_ABOUT_RETURN_TYPE = YES_ERROR;
				GCC_WARN_UNDECLARED_SELECTOR = YES;
				GCC_WARN_UNINITIALIZED_AUTOS = YES_AGGRESSIVE;
				GCC_WARN_UNUSED_FUNCTION = YES;
				GCC_WARN_UNUSED_VARIABLE = YES;
				IPHONEOS_DEPLOYMENT_TARGET = 15.0;
				MTL_ENABLE_DEBUG_INFO = INCLUDE_SOURCE;
				MTL_FAST_MATH = YES;
				ONLY_ACTIVE_ARCH = YES;
				SDKROOT = iphoneos;
				SWIFT_ACTIVE_COMPILATION_CONDITIONS = DEBUG;
				SWIFT_OPTIMIZATION_LEVEL = "-Onone";
			};
			name = Debug;
		};
		F13039DF273AB4B400627E20 /* Release */ = {
			isa = XCBuildConfiguration;
			buildSettings = {
				ALWAYS_SEARCH_USER_PATHS = NO;
				CLANG_ANALYZER_NONNULL = YES;
				CLANG_ANALYZER_NUMBER_OBJECT_CONVERSION = YES_AGGRESSIVE;
				CLANG_CXX_LANGUAGE_STANDARD = "gnu++17";
				CLANG_CXX_LIBRARY = "libc++";
				CLANG_ENABLE_MODULES = YES;
				CLANG_ENABLE_OBJC_ARC = YES;
				CLANG_ENABLE_OBJC_WEAK = YES;
				CLANG_WARN_BLOCK_CAPTURE_AUTORELEASING = YES;
				CLANG_WARN_BOOL_CONVERSION = YES;
				CLANG_WARN_COMMA = YES;
				CLANG_WARN_CONSTANT_CONVERSION = YES;
				CLANG_WARN_DEPRECATED_OBJC_IMPLEMENTATIONS = YES;
				CLANG_WARN_DIRECT_OBJC_ISA_USAGE = YES_ERROR;
				CLANG_WARN_DOCUMENTATION_COMMENTS = YES;
				CLANG_WARN_EMPTY_BODY = YES;
				CLANG_WARN_ENUM_CONVERSION = YES;
				CLANG_WARN_INFINITE_RECURSION = YES;
				CLANG_WARN_INT_CONVERSION = YES;
				CLANG_WARN_NON_LITERAL_NULL_CONVERSION = YES;
				CLANG_WARN_OBJC_IMPLICIT_RETAIN_SELF = YES;
				CLANG_WARN_OBJC_LITERAL_CONVERSION = YES;
				CLANG_WARN_OBJC_ROOT_CLASS = YES_ERROR;
				CLANG_WARN_QUOTED_INCLUDE_IN_FRAMEWORK_HEADER = YES;
				CLANG_WARN_RANGE_LOOP_ANALYSIS = YES;
				CLANG_WARN_STRICT_PROTOTYPES = YES;
				CLANG_WARN_SUSPICIOUS_MOVE = YES;
				CLANG_WARN_UNGUARDED_AVAILABILITY = YES_AGGRESSIVE;
				CLANG_WARN_UNREACHABLE_CODE = YES;
				CLANG_WARN__DUPLICATE_METHOD_MATCH = YES;
				COPY_PHASE_STRIP = NO;
				DEBUG_INFORMATION_FORMAT = "dwarf-with-dsym";
				ENABLE_NS_ASSERTIONS = NO;
				ENABLE_STRICT_OBJC_MSGSEND = YES;
				GCC_C_LANGUAGE_STANDARD = gnu11;
				GCC_NO_COMMON_BLOCKS = YES;
				GCC_WARN_64_TO_32_BIT_CONVERSION = YES;
				GCC_WARN_ABOUT_RETURN_TYPE = YES_ERROR;
				GCC_WARN_UNDECLARED_SELECTOR = YES;
				GCC_WARN_UNINITIALIZED_AUTOS = YES_AGGRESSIVE;
				GCC_WARN_UNUSED_FUNCTION = YES;
				GCC_WARN_UNUSED_VARIABLE = YES;
				IPHONEOS_DEPLOYMENT_TARGET = 15.0;
				MTL_ENABLE_DEBUG_INFO = NO;
				MTL_FAST_MATH = YES;
				SDKROOT = iphoneos;
				SWIFT_COMPILATION_MODE = wholemodule;
				SWIFT_OPTIMIZATION_LEVEL = "-O";
				VALIDATE_PRODUCT = YES;
			};
			name = Release;
		};
		F13039E1273AB4B400627E20 /* Debug */ = {
			isa = XCBuildConfiguration;
			baseConfigurationReference = ECDC46F6151980D84868BDDB /* Pods-Unknown.debug.xcconfig */;
			buildSettings = {
				ASSETCATALOG_COMPILER_APPICON_NAME = AppIcon;
				ASSETCATALOG_COMPILER_GLOBAL_ACCENT_COLOR_NAME = AccentColor;
				CODE_SIGN_STYLE = Automatic;
				CURRENT_PROJECT_VERSION = 1;
				GENERATE_INFOPLIST_FILE = YES;
				INFOPLIST_FILE = Unknown/Info.plist;
				INFOPLIST_KEY_UIApplicationSupportsIndirectInputEvents = YES;
				INFOPLIST_KEY_UILaunchStoryboardName = LaunchScreen;
				INFOPLIST_KEY_UIMainStoryboardFile = Main;
				INFOPLIST_KEY_UISupportedInterfaceOrientations_iPad = "UIInterfaceOrientationPortrait UIInterfaceOrientationPortraitUpsideDown UIInterfaceOrientationLandscapeLeft UIInterfaceOrientationLandscapeRight";
				INFOPLIST_KEY_UISupportedInterfaceOrientations_iPhone = "UIInterfaceOrientationPortrait UIInterfaceOrientationLandscapeLeft UIInterfaceOrientationLandscapeRight";
				LD_RUNPATH_SEARCH_PATHS = (
					"$(inherited)",
					"@executable_path/Frameworks",
				);
				MARKETING_VERSION = 1.0;
				PRODUCT_BUNDLE_IDENTIFIER = com.sian.Unknown;
				PRODUCT_NAME = "$(TARGET_NAME)";
				SWIFT_EMIT_LOC_STRINGS = YES;
				SWIFT_VERSION = 5.0;
				TARGETED_DEVICE_FAMILY = "1,2";
			};
			name = Debug;
		};
		F13039E2273AB4B400627E20 /* Release */ = {
			isa = XCBuildConfiguration;
			baseConfigurationReference = 0C66EF0A203397D6F6836173 /* Pods-Unknown.release.xcconfig */;
			buildSettings = {
				ASSETCATALOG_COMPILER_APPICON_NAME = AppIcon;
				ASSETCATALOG_COMPILER_GLOBAL_ACCENT_COLOR_NAME = AccentColor;
				CODE_SIGN_STYLE = Automatic;
				CURRENT_PROJECT_VERSION = 1;
				GENERATE_INFOPLIST_FILE = YES;
				INFOPLIST_FILE = Unknown/Info.plist;
				INFOPLIST_KEY_UIApplicationSupportsIndirectInputEvents = YES;
				INFOPLIST_KEY_UILaunchStoryboardName = LaunchScreen;
				INFOPLIST_KEY_UIMainStoryboardFile = Main;
				INFOPLIST_KEY_UISupportedInterfaceOrientations_iPad = "UIInterfaceOrientationPortrait UIInterfaceOrientationPortraitUpsideDown UIInterfaceOrientationLandscapeLeft UIInterfaceOrientationLandscapeRight";
				INFOPLIST_KEY_UISupportedInterfaceOrientations_iPhone = "UIInterfaceOrientationPortrait UIInterfaceOrientationLandscapeLeft UIInterfaceOrientationLandscapeRight";
				LD_RUNPATH_SEARCH_PATHS = (
					"$(inherited)",
					"@executable_path/Frameworks",
				);
				MARKETING_VERSION = 1.0;
				PRODUCT_BUNDLE_IDENTIFIER = com.sian.Unknown;
				PRODUCT_NAME = "$(TARGET_NAME)";
				SWIFT_EMIT_LOC_STRINGS = YES;
				SWIFT_VERSION = 5.0;
				TARGETED_DEVICE_FAMILY = "1,2";
			};
			name = Release;
		};
/* End XCBuildConfiguration section */

/* Begin XCConfigurationList section */
		F13039C7273AB4B200627E20 /* Build configuration list for PBXProject "Unknown" */ = {
			isa = XCConfigurationList;
			buildConfigurations = (
				F13039DE273AB4B400627E20 /* Debug */,
				F13039DF273AB4B400627E20 /* Release */,
			);
			defaultConfigurationIsVisible = 0;
			defaultConfigurationName = Release;
		};
		F13039E0273AB4B400627E20 /* Build configuration list for PBXNativeTarget "Unknown" */ = {
			isa = XCConfigurationList;
			buildConfigurations = (
				F13039E1273AB4B400627E20 /* Debug */,
				F13039E2273AB4B400627E20 /* Release */,
			);
			defaultConfigurationIsVisible = 0;
			defaultConfigurationName = Release;
		};
/* End XCConfigurationList section */
	};
	rootObject = F13039C4273AB4B200627E20 /* Project object */;
}
